
Microsoft Visual Studio Solution File, Format Version 12.00
# Visual Studio 15
VisualStudioVersion = 15.0.28307.1022
MinimumVisualStudioVersion = 10.0.40219.1
Project("{FAE04EC0-301F-11D3-BF4B-00C04F79EFBC}") = "Universidad", "Universidad\Universidad.csproj", "{ADCF0F82-AC7E-4DD0-871C-F0EF388AF26E}"
EndProject
Global
	GlobalSection(SolutionConfigurationPlatforms) = preSolution
		Debug|Any CPU = Debug|Any CPU
		Release|Any CPU = Release|Any CPU
	EndGlobalSection
	GlobalSection(ProjectConfigurationPlatforms) = postSolution
		{ADCF0F82-AC7E-4DD0-871C-F0EF388AF26E}.Debug|Any CPU.ActiveCfg = Debug|Any CPU
		{ADCF0F82-AC7E-4DD0-871C-F0EF388AF26E}.Debug|Any CPU.Build.0 = Debug|Any CPU
		{ADCF0F82-AC7E-4DD0-871C-F0EF388AF26E}.Release|Any CPU.ActiveCfg = Release|Any CPU
		{ADCF0F82-AC7E-4DD0-871C-F0EF388AF26E}.Release|Any CPU.Build.0 = Release|Any CPU
	EndGlobalSection
	GlobalSection(SolutionProperties) = preSolution
		HideSolutionNode = FALSE
	EndGlobalSection
	GlobalSection(ExtensibilityGlobals) = postSolution
		SolutionGuid = {D302B798-615C-44EE-8977-E4A643B86207}
	EndGlobalSection
EndGlobal
